// !$*UTF8*$!
{
	archiveVersion = 1;
	classes = {
	};
	objectVersion = 77;
	objects = {

/* Begin PBXBuildFile section */
		8BD1E0982CEEC5A300DF9E51 /* README.md in Resources */ = {isa = PBXBuildFile; fileRef = 8BD1E0972CEEC5A300DF9E51 /* README.md */; };
		8BD1E09B2CEEC5FB00DF9E51 /* SnapKit in Frameworks */ = {isa = PBXBuildFile; productRef = 8BD1E09A2CEEC5FB00DF9E51 /* SnapKit */; };
/* End PBXBuildFile section */

/* Begin PBXContainerItemProxy section */
		8BD1E06C2CEEC2F000DF9E51 /* PBXContainerItemProxy */ = {
			isa = PBXContainerItemProxy;
			containerPortal = 8BD1E04D2CEEC2EE00DF9E51 /* Project object */;
			proxyType = 1;
			remoteGlobalIDString = 8BD1E0542CEEC2EE00DF9E51;
			remoteInfo = CalApp;
		};
		8BD1E0762CEEC2F000DF9E51 /* PBXContainerItemProxy */ = {
			isa = PBXContainerItemProxy;
			containerPortal = 8BD1E04D2CEEC2EE00DF9E51 /* Project object */;
			proxyType = 1;
			remoteGlobalIDString = 8BD1E0542CEEC2EE00DF9E51;
			remoteInfo = CalApp;
		};
/* End PBXContainerItemProxy section */

/* Begin PBXFileReference section */
		8BD1E0552CEEC2EE00DF9E51 /* CalApp.app */ = {isa = PBXFileReference; explicitFileType = wrapper.application; includeInIndex = 0; path = CalApp.app; sourceTree = BUILT_PRODUCTS_DIR; };
		8BD1E06B2CEEC2F000DF9E51 /* CalAppTests.xctest */ = {isa = PBXFileReference; explicitFileType = wrapper.cfbundle; includeInIndex = 0; path = CalAppTests.xctest; sourceTree = BUILT_PRODUCTS_DIR; };
		8BD1E0752CEEC2F000DF9E51 /* CalAppUITests.xctest */ = {isa = PBXFileReference; explicitFileType = wrapper.cfbundle; includeInIndex = 0; path = CalAppUITests.xctest; sourceTree = BUILT_PRODUCTS_DIR; };
		8BD1E0972CEEC5A300DF9E51 /* README.md */ = {isa = PBXFileReference; lastKnownFileType = net.daringfireball.markdown; path = README.md; sourceTree = "<group>"; };
/* End PBXFileReference section */

/* Begin PBXFileSystemSynchronizedBuildFileExceptionSet section */
		8BD1E07D2CEEC2F000DF9E51 /* Exceptions for "CalApp" folder in "CalApp" target */ = {
			isa = PBXFileSystemSynchronizedBuildFileExceptionSet;
			membershipExceptions = (
				Info.plist,
			);
			target = 8BD1E0542CEEC2EE00DF9E51 /* CalApp */;
		};
/* End PBXFileSystemSynchronizedBuildFileExceptionSet section */

/* Begin PBXFileSystemSynchronizedRootGroup section */
		8BD1E0572CEEC2EE00DF9E51 /* CalApp */ = {
			isa = PBXFileSystemSynchronizedRootGroup;
			exceptions = (
				8BD1E07D2CEEC2F000DF9E51 /* Exceptions for "CalApp" folder in "CalApp" target */,
			);
			path = CalApp;
			sourceTree = "<group>";
		};
		8BD1E06E2CEEC2F000DF9E51 /* CalAppTests */ = {
			isa = PBXFileSystemSynchronizedRootGroup;
			path = CalAppTests;
			sourceTree = "<group>";
		};
		8BD1E0782CEEC2F000DF9E51 /* CalAppUITests */ = {
			isa = PBXFileSystemSynchronizedRootGroup;
			path = CalAppUITests;
			sourceTree = "<group>";
		};
/* End PBXFileSystemSynchronizedRootGroup section */

/* Begin PBXFrameworksBuildPhase section */
		8BD1E0522CEEC2EE00DF9E51 /* Frameworks */ = {
			isa = PBXFrameworksBuildPhase;
			buildActionMask = 2147483647;
			files = (
				8BD1E09B2CEEC5FB00DF9E51 /* SnapKit in Frameworks */,
			);
			runOnlyForDeploymentPostprocessing = 0;
		};
		8BD1E0682CEEC2F000DF9E51 /* Frameworks */ = {
			isa = PBXFrameworksBuildPhase;
			buildActionMask = 2147483647;
			files = (
			);
			runOnlyForDeploymentPostprocessing = 0;
		};
		8BD1E0722CEEC2F000DF9E51 /* Frameworks */ = {
			isa = PBXFrameworksBuildPhase;
			buildActionMask = 2147483647;
			files = (
			);
			runOnlyForDeploymentPostprocessing = 0;
		};
/* End PBXFrameworksBuildPhase section */

/* Begin PBXGroup section */
		8BD1E04C2CEEC2EE00DF9E51 = {
			isa = PBXGroup;
			children = (
				8BD1E0972CEEC5A300DF9E51 /* README.md */,
				8BD1E0572CEEC2EE00DF9E51 /* CalApp */,
				8BD1E06E2CEEC2F000DF9E51 /* CalAppTests */,
				8BD1E0782CEEC2F000DF9E51 /* CalAppUITests */,
				8BD1E0562CEEC2EE00DF9E51 /* Products */,
			);
			sourceTree = "<group>";
		};
		8BD1E0562CEEC2EE00DF9E51 /* Products */ = {
			isa = PBXGroup;
			children = (
				8BD1E0552CEEC2EE00DF9E51 /* CalApp.app */,
				8BD1E06B2CEEC2F000DF9E51 /* CalAppTests.xctest */,
				8BD1E0752CEEC2F000DF9E51 /* CalAppUITests.xctest */,
			);
			name = Products;
			sourceTree = "<group>";
		};
/* End PBXGroup section */

/* Begin PBXNativeTarget section */
		8BD1E0542CEEC2EE00DF9E51 /* CalApp */ = {
			isa = PBXNativeTarget;
			buildConfigurationList = 8BD1E07E2CEEC2F000DF9E51 /* Build configuration list for PBXNativeTarget "CalApp" */;
			buildPhases = (
				8BD1E0512CEEC2EE00DF9E51 /* Sources */,
				8BD1E0522CEEC2EE00DF9E51 /* Frameworks */,
				8BD1E0532CEEC2EE00DF9E51 /* Resources */,
			);
			buildRules = (
			);
			dependencies = (
			);
			fileSystemSynchronizedGroups = (
				8BD1E0572CEEC2EE00DF9E51 /* CalApp */,
			);
			name = CalApp;
			packageProductDependencies = (
				8BD1E09A2CEEC5FB00DF9E51 /* SnapKit */,
			);
			productName = CalApp;
			productReference = 8BD1E0552CEEC2EE00DF9E51 /* CalApp.app */;
			productType = "com.apple.product-type.application";
		};
		8BD1E06A2CEEC2F000DF9E51 /* CalAppTests */ = {
			isa = PBXNativeTarget;
			buildConfigurationList = 8BD1E0832CEEC2F000DF9E51 /* Build configuration list for PBXNativeTarget "CalAppTests" */;
			buildPhases = (
				8BD1E0672CEEC2F000DF9E51 /* Sources */,
				8BD1E0682CEEC2F000DF9E51 /* Frameworks */,
				8BD1E0692CEEC2F000DF9E51 /* Resources */,
			);
			buildRules = (
			);
			dependencies = (
				8BD1E06D2CEEC2F000DF9E51 /* PBXTargetDependency */,
			);
			fileSystemSynchronizedGroups = (
				8BD1E06E2CEEC2F000DF9E51 /* CalAppTests */,
			);
			name = CalAppTests;
			packageProductDependencies = (
			);
			productName = CalAppTests;
			productReference = 8BD1E06B2CEEC2F000DF9E51 /* CalAppTests.xctest */;
			productType = "com.apple.product-type.bundle.unit-test";
		};
		8BD1E0742CEEC2F000DF9E51 /* CalAppUITests */ = {
			isa = PBXNativeTarget;
			buildConfigurationList = 8BD1E0862CEEC2F000DF9E51 /* Build configuration list for PBXNativeTarget "CalAppUITests" */;
			buildPhases = (
				8BD1E0712CEEC2F000DF9E51 /* Sources */,
				8BD1E0722CEEC2F000DF9E51 /* Frameworks */,
				8BD1E0732CEEC2F000DF9E51 /* Resources */,
			);
			buildRules = (
			);
			dependencies = (
				8BD1E0772CEEC2F000DF9E51 /* PBXTargetDependency */,
			);
			fileSystemSynchronizedGroups = (
				8BD1E0782CEEC2F000DF9E51 /* CalAppUITests */,
			);
			name = CalAppUITests;
			packageProductDependencies = (
			);
			productName = CalAppUITests;
			productReference = 8BD1E0752CEEC2F000DF9E51 /* CalAppUITests.xctest */;
			productType = "com.apple.product-type.bundle.ui-testing";
		};
/* End PBXNativeTarget section */

/* Begin PBXProject section */
		8BD1E04D2CEEC2EE00DF9E51 /* Project object */ = {
			isa = PBXProject;
			attributes = {
				BuildIndependentTargetsInParallel = 1;
				LastSwiftUpdateCheck = 1610;
				LastUpgradeCheck = 1610;
				TargetAttributes = {
					8BD1E0542CEEC2EE00DF9E51 = {
						CreatedOnToolsVersion = 16.1;
					};
					8BD1E06A2CEEC2F000DF9E51 = {
						CreatedOnToolsVersion = 16.1;
						TestTargetID = 8BD1E0542CEEC2EE00DF9E51;
					};
					8BD1E0742CEEC2F000DF9E51 = {
						CreatedOnToolsVersion = 16.1;
						TestTargetID = 8BD1E0542CEEC2EE00DF9E51;
					};
				};
			};
			buildConfigurationList = 8BD1E0502CEEC2EE00DF9E51 /* Build configuration list for PBXProject "CalApp" */;
			developmentRegion = en;
			hasScannedForEncodings = 0;
			knownRegions = (
				en,
				Base,
			);
			mainGroup = 8BD1E04C2CEEC2EE00DF9E51;
			minimizedProjectReferenceProxies = 1;
			packageReferences = (
				8BD1E0992CEEC5FB00DF9E51 /* XCRemoteSwiftPackageReference "SnapKit" */,
			);
			preferredProjectObjectVersion = 77;
			productRefGroup = 8BD1E0562CEEC2EE00DF9E51 /* Products */;
			projectDirPath = "";
			projectRoot = "";
			targets = (
				8BD1E0542CEEC2EE00DF9E51 /* CalApp */,
				8BD1E06A2CEEC2F000DF9E51 /* CalAppTests */,
				8BD1E0742CEEC2F000DF9E51 /* CalAppUITests */,
			);
		};
/* End PBXProject section */

/* Begin PBXResourcesBuildPhase section */
		8BD1E0532CEEC2EE00DF9E51 /* Resources */ = {
			isa = PBXResourcesBuildPhase;
			buildActionMask = 2147483647;
			files = (
				8BD1E0982CEEC5A300DF9E51 /* README.md in Resources */,
			);
			runOnlyForDeploymentPostprocessing = 0;
		};
		8BD1E0692CEEC2F000DF9E51 /* Resources */ = {
			isa = PBXResourcesBuildPhase;
			buildActionMask = 2147483647;
			files = (
			);
			runOnlyForDeploymentPostprocessing = 0;
		};
		8BD1E0732CEEC2F000DF9E51 /* Resources */ = {
			isa = PBXResourcesBuildPhase;
			buildActionMask = 2147483647;
			files = (
			);
			runOnlyForDeploymentPostprocessing = 0;
		};
/* End PBXResourcesBuildPhase section */

/* Begin PBXSourcesBuildPhase section */
		8BD1E0512CEEC2EE00DF9E51 /* Sources */ = {
			isa = PBXSourcesBuildPhase;
			buildActionMask = 2147483647;
			files = (
			);
			runOnlyForDeploymentPostprocessing = 0;
		};
		8BD1E0672CEEC2F000DF9E51 /* Sources */ = {
			isa = PBXSourcesBuildPhase;
			buildActionMask = 2147483647;
			files = (
			);
			runOnlyForDeploymentPostprocessing = 0;
		};
		8BD1E0712CEEC2F000DF9E51 /* Sources */ = {
			isa = PBXSourcesBuildPhase;
			buildActionMask = 2147483647;
			files = (
			);
			runOnlyForDeploymentPostprocessing = 0;
		};
/* End PBXSourcesBuildPhase section */

/* Begin PBXTargetDependency section */
		8BD1E06D2CEEC2F000DF9E51 /* PBXTargetDependency */ = {
			isa = PBXTargetDependency;
			target = 8BD1E0542CEEC2EE00DF9E51 /* CalApp */;
			targetProxy = 8BD1E06C2CEEC2F000DF9E51 /* PBXContainerItemProxy */;
		};
		8BD1E0772CEEC2F000DF9E51 /* PBXTargetDependency */ = {
			isa = PBXTargetDependency;
			target = 8BD1E0542CEEC2EE00DF9E51 /* CalApp */;
			targetProxy = 8BD1E0762CEEC2F000DF9E51 /* PBXContainerItemProxy */;
		};
/* End PBXTargetDependency section */

/* Begin XCBuildConfiguration section */
		8BD1E07F2CEEC2F000DF9E51 /* Debug */ = {
			isa = XCBuildConfiguration;
			buildSettings = {
				ASSETCATALOG_COMPILER_APPICON_NAME = AppIcon;
				ASSETCATALOG_COMPILER_GLOBAL_ACCENT_COLOR_NAME = AccentColor;
				CODE_SIGN_STYLE = Automatic;
				CURRENT_PROJECT_VERSION = 1;
				DEVELOPMENT_TEAM = 63SB2B8YJ5;
				GENERATE_INFOPLIST_FILE = YES;
				INFOPLIST_FILE = CalApp/Info.plist;
				INFOPLIST_KEY_UIApplicationSupportsIndirectInputEvents = YES;
				INFOPLIST_KEY_UILaunchStoryboardName = LaunchScreen;
				INFOPLIST_KEY_UISupportedInterfaceOrientations_iPad = "UIInterfaceOrientationPortrait UIInterfaceOrientationPortraitUpsideDown UIInterfaceOrientationLandscapeLeft UIInterfaceOrientationLandscapeRight";
				INFOPLIST_KEY_UISupportedInterfaceOrientations_iPhone = "UIInterfaceOrientationPortrait UIInterfaceOrientationLandscapeLeft UIInterfaceOrientationLandscapeRight";
				LD_RUNPATH_SEARCH_PATHS = (
					"$(inherited)",
					"@executable_path/Frameworks",
				);
				MARKETING_VERSION = 1.0;
				PRODUCT_BUNDLE_IDENTIFIER = hwb.CalApp;
				PRODUCT_NAME = "$(TARGET_NAME)";
				SWIFT_EMIT_LOC_STRINGS = YES;
				SWIFT_VERSION = 5.0;
				TARGETED_DEVICE_FAMILY = "1,2";
			};
			name = Debug;
		};
		8BD1E0802CEEC2F000DF9E51 /* Release */ = {
			isa = XCBuildConfiguration;
			buildSettings = {
				ASSETCATALOG_COMPILER_APPICON_NAME = AppIcon;
				ASSETCATALOG_COMPILER_GLOBAL_ACCENT_COLOR_NAME = AccentColor;
				CODE_SIGN_STYLE = Automatic;
				CURRENT_PROJECT_VERSION = 1;
				DEVELOPMENT_TEAM = 63SB2B8YJ5;
				GENERATE_INFOPLIST_FILE = YES;
				INFOPLIST_FILE = CalApp/Info.plist;
				INFOPLIST_KEY_UIApplicationSupportsIndirectInputEvents = YES;
				INFOPLIST_KEY_UILaunchStoryboardName = LaunchScreen;
				INFOPLIST_KEY_UISupportedInterfaceOrientations_iPad = "UIInterfaceOrientationPortrait UIInterfaceOrientationPortraitUpsideDown UIInterfaceOrientationLandscapeLeft UIInterfaceOrientationLandscapeRight";
				INFOPLIST_KEY_UISupportedInterfaceOrientations_iPhone = "UIInterfaceOrientationPortrait UIInterfaceOrientationLandscapeLeft UIInterfaceOrientationLandscapeRight";
				LD_RUNPATH_SEARCH_PATHS = (
					"$(inherited)",
					"@executable_path/Frameworks",
				);
				MARKETING_VERSION = 1.0;
				PRODUCT_BUNDLE_IDENTIFIER = hwb.CalApp;
				PRODUCT_NAME = "$(TARGET_NAME)";
				SWIFT_EMIT_LOC_STRINGS = YES;
				SWIFT_VERSION = 5.0;
				TARGETED_DEVICE_FAMILY = "1,2";
			};
			name = Release;
		};
		8BD1E0812CEEC2F000DF9E51 /* Debug */ = {
			isa = XCBuildConfiguration;
			buildSettings = {
				ALWAYS_SEARCH_USER_PATHS = NO;
				ASSETCATALOG_COMPILER_GENERATE_SWIFT_ASSET_SYMBOL_EXTENSIONS = YES;
				CLANG_ANALYZER_NONNULL = YES;
				CLANG_ANALYZER_NUMBER_OBJECT_CONVERSION = YES_AGGRESSIVE;
				CLANG_CXX_LANGUAGE_STANDARD = "gnu++20";
				CLANG_ENABLE_MODULES = YES;
				CLANG_ENABLE_OBJC_ARC = YES;
				CLANG_ENABLE_OBJC_WEAK = YES;
				CLANG_WARN_BLOCK_CAPTURE_AUTORELEASING = YES;
				CLANG_WARN_BOOL_CONVERSION = YES;
				CLANG_WARN_COMMA = YES;
				CLANG_WARN_CONSTANT_CONVERSION = YES;
				CLANG_WARN_DEPRECATED_OBJC_IMPLEMENTATIONS = YES;
				CLANG_WARN_DIRECT_OBJC_ISA_USAGE = YES_ERROR;
				CLANG_WARN_DOCUMENTATION_COMMENTS = YES;
				CLANG_WARN_EMPTY_BODY = YES;
				CLANG_WARN_ENUM_CONVERSION = YES;
				CLANG_WARN_INFINITE_RECURSION = YES;
				CLANG_WARN_INT_CONVERSION = YES;
				CLANG_WARN_NON_LITERAL_NULL_CONVERSION = YES;
				CLANG_WARN_OBJC_IMPLICIT_RETAIN_SELF = YES;
				CLANG_WARN_OBJC_LITERAL_CONVERSION = YES;
				CLANG_WARN_OBJC_ROOT_CLASS = YES_ERROR;
				CLANG_WARN_QUOTED_INCLUDE_IN_FRAMEWORK_HEADER = YES;
				CLANG_WARN_RANGE_LOOP_ANALYSIS = YES;
				CLANG_WARN_STRICT_PROTOTYPES = YES;
				CLANG_WARN_SUSPICIOUS_MOVE = YES;
				CLANG_WARN_UNGUARDED_AVAILABILITY = YES_AGGRESSIVE;
				CLANG_WARN_UNREACHABLE_CODE = YES;
				CLANG_WARN__DUPLICATE_METHOD_MATCH = YES;
				COPY_PHASE_STRIP = NO;
				DEBUG_INFORMATION_FORMAT = dwarf;
				ENABLE_STRICT_OBJC_MSGSEND = YES;
				ENABLE_TESTABILITY = YES;
				ENABLE_USER_SCRIPT_SANDBOXING = YES;
				GCC_C_LANGUAGE_STANDARD = gnu17;
				GCC_DYNAMIC_NO_PIC = NO;
				GCC_NO_COMMON_BLOCKS = YES;
				GCC_OPTIMIZATION_LEVEL = 0;
				GCC_PREPROCESSOR_DEFINITIONS = (
					"DEBUG=1",
					"$(inherited)",
				);
				GCC_WARN_64_TO_32_BIT_CONVERSION = YES;
				GCC_WARN_ABOUT_RETURN_TYPE = YES_ERROR;
				GCC_WARN_UNDECLARED_SELECTOR = YES;
				GCC_WARN_UNINITIALIZED_AUTOS = YES_AGGRESSIVE;
				GCC_WARN_UNUSED_FUNCTION = YES;
				GCC_WARN_UNUSED_VARIABLE = YES;
				IPHONEOS_DEPLOYMENT_TARGET = 18.1;
				LOCALIZATION_PREFERS_STRING_CATALOGS = YES;
				MTL_ENABLE_DEBUG_INFO = INCLUDE_SOURCE;
				MTL_FAST_MATH = YES;
				ONLY_ACTIVE_ARCH = YES;
				SDKROOT = iphoneos;
				SWIFT_ACTIVE_COMPILATION_CONDITIONS = "DEBUG $(inherited)";
				SWIFT_OPTIMIZATION_LEVEL = "-Onone";
			};
			name = Debug;
		};
		8BD1E0822CEEC2F000DF9E51 /* Release */ = {
			isa = XCBuildConfiguration;
			buildSettings = {
				ALWAYS_SEARCH_USER_PATHS = NO;
				ASSETCATALOG_COMPILER_GENERATE_SWIFT_ASSET_SYMBOL_EXTENSIONS = YES;
				CLANG_ANALYZER_NONNULL = YES;
				CLANG_ANALYZER_NUMBER_OBJECT_CONVERSION = YES_AGGRESSIVE;
				CLANG_CXX_LANGUAGE_STANDARD = "gnu++20";
				CLANG_ENABLE_MODULES = YES;
				CLANG_ENABLE_OBJC_ARC = YES;
				CLANG_ENABLE_OBJC_WEAK = YES;
				CLANG_WARN_BLOCK_CAPTURE_AUTORELEASING = YES;
				CLANG_WARN_BOOL_CONVERSION = YES;
				CLANG_WARN_COMMA = YES;
				CLANG_WARN_CONSTANT_CONVERSION = YES;
				CLANG_WARN_DEPRECATED_OBJC_IMPLEMENTATIONS = YES;
				CLANG_WARN_DIRECT_OBJC_ISA_USAGE = YES_ERROR;
				CLANG_WARN_DOCUMENTATION_COMMENTS = YES;
				CLANG_WARN_EMPTY_BODY = YES;
				CLANG_WARN_ENUM_CONVERSION = YES;
				CLANG_WARN_INFINITE_RECURSION = YES;
				CLANG_WARN_INT_CONVERSION = YES;
				CLANG_WARN_NON_LITERAL_NULL_CONVERSION = YES;
				CLANG_WARN_OBJC_IMPLICIT_RETAIN_SELF = YES;
				CLANG_WARN_OBJC_LITERAL_CONVERSION = YES;
				CLANG_WARN_OBJC_ROOT_CLASS = YES_ERROR;
				CLANG_WARN_QUOTED_INCLUDE_IN_FRAMEWORK_HEADER = YES;
				CLANG_WARN_RANGE_LOOP_ANALYSIS = YES;
				CLANG_WARN_STRICT_PROTOTYPES = YES;
				CLANG_WARN_SUSPICIOUS_MOVE = YES;
				CLANG_WARN_UNGUARDED_AVAILABILITY = YES_AGGRESSIVE;
				CLANG_WARN_UNREACHABLE_CODE = YES;
				CLANG_WARN__DUPLICATE_METHOD_MATCH = YES;
				COPY_PHASE_STRIP = NO;
				DEBUG_INFORMATION_FORMAT = "dwarf-with-dsym";
				ENABLE_NS_ASSERTIONS = NO;
				ENABLE_STRICT_OBJC_MSGSEND = YES;
				ENABLE_USER_SCRIPT_SANDBOXING = YES;
				GCC_C_LANGUAGE_STANDARD = gnu17;
				GCC_NO_COMMON_BLOCKS = YES;
				GCC_WARN_64_TO_32_BIT_CONVERSION = YES;
				GCC_WARN_ABOUT_RETURN_TYPE = YES_ERROR;
				GCC_WARN_UNDECLARED_SELECTOR = YES;
				GCC_WARN_UNINITIALIZED_AUTOS = YES_AGGRESSIVE;
				GCC_WARN_UNUSED_FUNCTION = YES;
				GCC_WARN_UNUSED_VARIABLE = YES;
				IPHONEOS_DEPLOYMENT_TARGET = 18.1;
				LOCALIZATION_PREFERS_STRING_CATALOGS = YES;
				MTL_ENABLE_DEBUG_INFO = NO;
				MTL_FAST_MATH = YES;
				SDKROOT = iphoneos;
				SWIFT_COMPILATION_MODE = wholemodule;
				VALIDATE_PRODUCT = YES;
			};
			name = Release;
		};
		8BD1E0842CEEC2F000DF9E51 /* Debug */ = {
			isa = XCBuildConfiguration;
			buildSettings = {
				BUNDLE_LOADER = "$(TEST_HOST)";
				CODE_SIGN_STYLE = Automatic;
				CURRENT_PROJECT_VERSION = 1;
				DEVELOPMENT_TEAM = 63SB2B8YJ5;
				GENERATE_INFOPLIST_FILE = YES;
				IPHONEOS_DEPLOYMENT_TARGET = 18.1;
				MARKETING_VERSION = 1.0;
				PRODUCT_BUNDLE_IDENTIFIER = hwb.CalAppTests;
				PRODUCT_NAME = "$(TARGET_NAME)";
				SWIFT_EMIT_LOC_STRINGS = NO;
				SWIFT_VERSION = 5.0;
				TARGETED_DEVICE_FAMILY = "1,2";
				TEST_HOST = "$(BUILT_PRODUCTS_DIR)/CalApp.app/$(BUNDLE_EXECUTABLE_FOLDER_PATH)/CalApp";
			};
			name = Debug;
		};
		8BD1E0852CEEC2F000DF9E51 /* Release */ = {
			isa = XCBuildConfiguration;
			buildSettings = {
				BUNDLE_LOADER = "$(TEST_HOST)";
				CODE_SIGN_STYLE = Automatic;
				CURRENT_PROJECT_VERSION = 1;
				DEVELOPMENT_TEAM = 63SB2B8YJ5;
				GENERATE_INFOPLIST_FILE = YES;
				IPHONEOS_DEPLOYMENT_TARGET = 18.1;
				MARKETING_VERSION = 1.0;
				PRODUCT_BUNDLE_IDENTIFIER = hwb.CalAppTests;
				PRODUCT_NAME = "$(TARGET_NAME)";
				SWIFT_EMIT_LOC_STRINGS = NO;
				SWIFT_VERSION = 5.0;
				TARGETED_DEVICE_FAMILY = "1,2";
				TEST_HOST = "$(BUILT_PRODUCTS_DIR)/CalApp.app/$(BUNDLE_EXECUTABLE_FOLDER_PATH)/CalApp";
			};
			name = Release;
		};
		8BD1E0872CEEC2F000DF9E51 /* Debug */ = {
			isa = XCBuildConfiguration;
			buildSettings = {
				CODE_SIGN_STYLE = Automatic;
				CURRENT_PROJECT_VERSION = 1;
				DEVELOPMENT_TEAM = 63SB2B8YJ5;
				GENERATE_INFOPLIST_FILE = YES;
				MARKETING_VERSION = 1.0;
				PRODUCT_BUNDLE_IDENTIFIER = hwb.CalAppUITests;
				PRODUCT_NAME = "$(TARGET_NAME)";
				SWIFT_EMIT_LOC_STRINGS = NO;
				SWIFT_VERSION = 5.0;
				TARGETED_DEVICE_FAMILY = "1,2";
				TEST_TARGET_NAME = CalApp;
			};
			name = Debug;
		};
		8BD1E0882CEEC2F000DF9E51 /* Release */ = {
			isa = XCBuildConfiguration;
			buildSettings = {
				CODE_SIGN_STYLE = Automatic;
				CURRENT_PROJECT_VERSION = 1;
				DEVELOPMENT_TEAM = 63SB2B8YJ5;
				GENERATE_INFOPLIST_FILE = YES;
				MARKETING_VERSION = 1.0;
				PRODUCT_BUNDLE_IDENTIFIER = hwb.CalAppUITests;
				PRODUCT_NAME = "$(TARGET_NAME)";
				SWIFT_EMIT_LOC_STRINGS = NO;
				SWIFT_VERSION = 5.0;
				TARGETED_DEVICE_FAMILY = "1,2";
				TEST_TARGET_NAME = CalApp;
			};
			name = Release;
		};
/* End XCBuildConfiguration section */

/* Begin XCConfigurationList section */
		8BD1E0502CEEC2EE00DF9E51 /* Build configuration list for PBXProject "CalApp" */ = {
			isa = XCConfigurationList;
			buildConfigurations = (
				8BD1E0812CEEC2F000DF9E51 /* Debug */,
				8BD1E0822CEEC2F000DF9E51 /* Release */,
			);
			defaultConfigurationIsVisible = 0;
			defaultConfigurationName = Release;
		};
		8BD1E07E2CEEC2F000DF9E51 /* Build configuration list for PBXNativeTarget "CalApp" */ = {
			isa = XCConfigurationList;
			buildConfigurations = (
				8BD1E07F2CEEC2F000DF9E51 /* Debug */,
				8BD1E0802CEEC2F000DF9E51 /* Release */,
			);
			defaultConfigurationIsVisible = 0;
			defaultConfigurationName = Release;
		};
		8BD1E0832CEEC2F000DF9E51 /* Build configuration list for PBXNativeTarget "CalAppTests" */ = {
			isa = XCConfigurationList;
			buildConfigurations = (
				8BD1E0842CEEC2F000DF9E51 /* Debug */,
				8BD1E0852CEEC2F000DF9E51 /* Release */,
			);
			defaultConfigurationIsVisible = 0;
			defaultConfigurationName = Release;
		};
		8BD1E0862CEEC2F000DF9E51 /* Build configuration list for PBXNativeTarget "CalAppUITests" */ = {
			isa = XCConfigurationList;
			buildConfigurations = (
				8BD1E0872CEEC2F000DF9E51 /* Debug */,
				8BD1E0882CEEC2F000DF9E51 /* Release */,
			);
			defaultConfigurationIsVisible = 0;
			defaultConfigurationName = Release;
		};
/* End XCConfigurationList section */

/* Begin XCRemoteSwiftPackageReference section */
		8BD1E0992CEEC5FB00DF9E51 /* XCRemoteSwiftPackageReference "SnapKit" */ = {
			isa = XCRemoteSwiftPackageReference;
			repositoryURL = "https://github.com/SnapKit/SnapKit.git";
			requirement = {
				kind = upToNextMajorVersion;
				minimumVersion = 5.7.1;
			};
		};
/* End XCRemoteSwiftPackageReference section */

/* Begin XCSwiftPackageProductDependency section */
		8BD1E09A2CEEC5FB00DF9E51 /* SnapKit */ = {
			isa = XCSwiftPackageProductDependency;
			package = 8BD1E0992CEEC5FB00DF9E51 /* XCRemoteSwiftPackageReference "SnapKit" */;
			productName = SnapKit;
		};
/* End XCSwiftPackageProductDependency section */
	};
	rootObject = 8BD1E04D2CEEC2EE00DF9E51 /* Project object */;
}
